
Microsoft Visual Studio Solution File, Format Version 12.00
# Visual Studio Version 16
VisualStudioVersion = 16.0.29806.167
MinimumVisualStudioVersion = 10.0.40219.1
Project("{9A19103F-16F7-4668-BE54-9A1E7A4F7556}") = "aspnetcoreApp", "aspnetcoreApp.csproj", "{C867E684-2532-478D-9D45-2EA9994177FD}"
EndProject
Global
	GlobalSection(SolutionConfigurationPlatforms) = preSolution
		Debug|Any CPU = Debug|Any CPU
		Release|Any CPU = Release|Any CPU
	EndGlobalSection
	GlobalSection(ProjectConfigurationPlatforms) = postSolution
		{C867E684-2532-478D-9D45-2EA9994177FD}.Debug|Any CPU.ActiveCfg = Debug|Any CPU
		{C867E684-2532-478D-9D45-2EA9994177FD}.Debug|Any CPU.Build.0 = Debug|Any CPU
		{C867E684-2532-478D-9D45-2EA9994177FD}.Release|Any CPU.ActiveCfg = Release|Any CPU
		{C867E684-2532-478D-9D45-2EA9994177FD}.Release|Any CPU.Build.0 = Release|Any CPU
	EndGlobalSection
	GlobalSection(SolutionProperties) = preSolution
		HideSolutionNode = FALSE
	EndGlobalSection
	GlobalSection(ExtensibilityGlobals) = postSolution
		SolutionGuid = {DA0BAA36-982F-40F9-A3F6-3E99AE7F12A5}
	EndGlobalSection
EndGlobal
